
Microsoft Visual Studio Solution File, Format Version 12.00
# Visual Studio 15
VisualStudioVersion = 15.0.27130.2027
MinimumVisualStudioVersion = 10.0.40219.1
Project("{FAE04EC0-301F-11D3-BF4B-00C04F79EFBC}") = "MDS-Project", "MDS-Project\MDS-Project.csproj", "{57923B11-4006-4A7B-B250-8AE2C7C165C8}"
EndProject
Global
	GlobalSection(SolutionConfigurationPlatforms) = preSolution
		Debug|Any CPU = Debug|Any CPU
		Release|Any CPU = Release|Any CPU
	EndGlobalSection
	GlobalSection(ProjectConfigurationPlatforms) = postSolution
		{57923B11-4006-4A7B-B250-8AE2C7C165C8}.Debug|Any CPU.ActiveCfg = Debug|Any CPU
		{57923B11-4006-4A7B-B250-8AE2C7C165C8}.Debug|Any CPU.Build.0 = Debug|Any CPU
		{57923B11-4006-4A7B-B250-8AE2C7C165C8}.Release|Any CPU.ActiveCfg = Release|Any CPU
		{57923B11-4006-4A7B-B250-8AE2C7C165C8}.Release|Any CPU.Build.0 = Release|Any CPU
	EndGlobalSection
	GlobalSection(SolutionProperties) = preSolution
		HideSolutionNode = FALSE
	EndGlobalSection
	GlobalSection(ExtensibilityGlobals) = postSolution
		SolutionGuid = {B98DAE89-5298-42B7-B061-0B4E5952ED80}
	EndGlobalSection
EndGlobal
